{
  "name": "examples",
  "version": "0.0.0",
  "lockfileVersion": 3,
  "requires": true,
  "packages": {
    "": {
      "name": "examples",
      "version": "0.0.0",
      "license": "MIT",
      "workspaces": [
        "./packages/*"
      ]
    },
    "node_modules/@dashincubator/base58check": {
      "version": "1.4.1",
      "resolved": "https://registry.npmjs.org/@dashincubator/base58check/-/base58check-1.4.1.tgz",
      "integrity": "sha512-JSAO+viM3pVgM93XSBAUhLvK18BlRIsmYU4eGuyrj1lz3Xa1oplSel94oG0SI5d2qTxdy0NfGT3vEFbiKpfj5Q==",
      "bin": {
        "base58check": "bin/base58check.js"
      }
    },
    "node_modules/@dashincubator/memo": {
      "resolved": "packages/dash-memo",
      "link": true
    },
    "node_modules/@dashincubator/secp256k1": {
      "version": "1.7.1-5",
      "resolved": "https://registry.npmjs.org/@dashincubator/secp256k1/-/secp256k1-1.7.1-5.tgz",
      "integrity": "sha512-3iA+RDZrJsRFPpWhlYkp3EdoFAlKjdqkNFiRwajMrzcpA/G/IBX0AnC1pwRLkTrM+tUowcyGrkJfT03U4ETZeg=="
    },
    "node_modules/dashhd": {
      "version": "3.3.0",
      "resolved": "https://registry.npmjs.org/dashhd/-/dashhd-3.3.0.tgz",
      "integrity": "sha512-1q80mdGC1RMopuoni/vNXtLIF37YSDE0B27sX6cGUpLb47sAU+uah6+WBAfNRNlXHShlBV5rHpUmAoG02HfPNQ==",
      "dependencies": {
        "dashkeys": "^1.0.0"
      }
    },
    "node_modules/dashkeys": {
      "version": "1.1.0",
      "resolved": "https://registry.npmjs.org/dashkeys/-/dashkeys-1.1.0.tgz",
      "integrity": "sha512-Xk4G2DCqmEG/VoESseaoFGMUPS/PndnwHOfjH/TsQWtv9ewroAfQf5QPoKPzKmpSsN1AC3+qYmBXxo8SwwfEMw=="
    },
    "node_modules/dashphrase": {
      "version": "1.4.0",
      "resolved": "https://registry.npmjs.org/dashphrase/-/dashphrase-1.4.0.tgz",
      "integrity": "sha512-o+LdiPkiYmg07kXBE+2bbcJzBmeTQVPn1GS2XlQeo8lene+KknAprSyiYi5XtqV/QVgNjvzOV7qBst2MijSPAA=="
    },
    "node_modules/dashsight": {
      "version": "1.6.0",
      "resolved": "https://registry.npmjs.org/dashsight/-/dashsight-1.6.0.tgz",
      "integrity": "sha512-bXjsEhx4GhZj27oi2G+Fp15bKbqUApYWWgZetdScHcJWB0ShKBwlXSA8BEoIzdaOXtlJpyulBO2JSkwRtrVyqQ==",
      "bin": {
        "dashsight-balance": "bin/balance.js",
        "dashsight-instantsend": "bin/instantsend.js",
        "dashsight-tx": "bin/tx.js",
        "dashsight-txs": "bin/txs.js",
        "dashsight-utxos": "bin/utxos.js"
      },
      "optionalDependencies": {
        "dotenv": "^16.0.1",
        "tough-cookie": "^4.1.2",
        "ws": "^8.13.0"
      }
    },
    "node_modules/dotenv": {
      "version": "16.3.1",
      "resolved": "https://registry.npmjs.org/dotenv/-/dotenv-16.3.1.tgz",
      "integrity": "sha512-IPzF4w4/Rd94bA9imS68tZBaYyBWSCE47V1RGuMrB94iyTOIEwRmVL2x/4An+6mETpLrKJ5hQkB8W4kFAadeIQ==",
      "optional": true,
      "engines": {
        "node": ">=12"
      },
      "funding": {
        "url": "https://github.com/motdotla/dotenv?sponsor=1"
      }
    },
    "node_modules/psl": {
      "version": "1.9.0",
      "resolved": "https://registry.npmjs.org/psl/-/psl-1.9.0.tgz",
      "integrity": "sha512-E/ZsdU4HLs/68gYzgGTkMicWTLPdAftJLfJFlLUAAKZGkStNU72sZjT66SnMDVOfOWY/YAoiD7Jxa9iHvngcag==",
      "optional": true
    },
    "node_modules/punycode": {
      "version": "2.3.0",
      "resolved": "https://registry.npmjs.org/punycode/-/punycode-2.3.0.tgz",
      "integrity": "sha512-rRV+zQD8tVFys26lAGR9WUuS4iUAngJScM+ZRSKtvl5tKeZ2t5bvdNFdNHBW9FWR4guGHlgmsZ1G7BSm2wTbuA==",
      "optional": true,
      "engines": {
        "node": ">=6"
      }
    },
    "node_modules/querystringify": {
      "version": "2.2.0",
      "resolved": "https://registry.npmjs.org/querystringify/-/querystringify-2.2.0.tgz",
      "integrity": "sha512-FIqgj2EUvTa7R50u0rGsyTftzjYmv/a3hO345bZNrqabNqjtgiDMgmo4mkUjd+nzU5oF3dClKqFIPUKybUyqoQ==",
      "optional": true
    },
    "node_modules/requires-port": {
      "version": "1.0.0",
      "resolved": "https://registry.npmjs.org/requires-port/-/requires-port-1.0.0.tgz",
      "integrity": "sha512-KigOCHcocU3XODJxsu8i/j8T9tzT4adHiecwORRQ0ZZFcp7ahwXuRU1m+yuO90C5ZUyGeGfocHDI14M3L3yDAQ==",
      "optional": true
    },
    "node_modules/tough-cookie": {
      "version": "4.1.3",
      "resolved": "https://registry.npmjs.org/tough-cookie/-/tough-cookie-4.1.3.tgz",
      "integrity": "sha512-aX/y5pVRkfRnfmuX+OdbSdXvPe6ieKX/G2s7e98f4poJHnqH3281gDPm/metm6E/WRamfx7WC4HUqkWHfQHprw==",
      "optional": true,
      "dependencies": {
        "psl": "^1.1.33",
        "punycode": "^2.1.1",
        "universalify": "^0.2.0",
        "url-parse": "^1.5.3"
      },
      "engines": {
        "node": ">=6"
      }
    },
    "node_modules/universalify": {
      "version": "0.2.0",
      "resolved": "https://registry.npmjs.org/universalify/-/universalify-0.2.0.tgz",
      "integrity": "sha512-CJ1QgKmNg3CwvAv/kOFmtnEN05f0D/cn9QntgNOQlQF9dgvVTHj3t+8JPdjqawCHk7V/KA+fbUqzZ9XWhcqPUg==",
      "optional": true,
      "engines": {
        "node": ">= 4.0.0"
      }
    },
    "node_modules/url-parse": {
      "version": "1.5.10",
      "resolved": "https://registry.npmjs.org/url-parse/-/url-parse-1.5.10.tgz",
      "integrity": "sha512-WypcfiRhfeUP9vvF0j6rw0J3hrWrw6iZv3+22h6iRMJ/8z1Tj6XfLP4DsUix5MhMPnXpiHDoKyoZ/bdCkwBCiQ==",
      "optional": true,
      "dependencies": {
        "querystringify": "^2.1.1",
        "requires-port": "^1.0.0"
      }
    },
    "node_modules/ws": {
      "version": "8.13.0",
      "resolved": "https://registry.npmjs.org/ws/-/ws-8.13.0.tgz",
      "integrity": "sha512-x9vcZYTrFPC7aSIbj7sRCYo7L/Xb8Iy+pW0ng0wt2vCJv7M9HOMy0UoN3rr+IFC7hb7vXoqS+P9ktyLLLhO+LA==",
      "optional": true,
      "engines": {
        "node": ">=10.0.0"
      },
      "peerDependencies": {
        "bufferutil": "^4.0.1",
        "utf-8-validate": ">=5.0.2"
      },
      "peerDependenciesMeta": {
        "bufferutil": {
          "optional": true
        },
        "utf-8-validate": {
          "optional": true
        }
      }
    },
    "packages/dash-maya": {
      "name": "@dashincubator/maya",
      "version": "0.0.0",
      "extraneous": true,
      "license": "MIT",
      "dependencies": {
        "@dashincubator/base58check": "1.4.1",
        "@dashincubator/secp256k1": "1.7.1-5",
        "dashhd": "3.3.0",
        "dashkeys": "1.1.0",
        "dashphrase": "1.4.0",
        "dashsight": "^1.6.0",
        "dashtx": "dashhive/DashTx.js#strict-tx"
      }
    },
    "packages/dash-memo": {
      "name": "@dashincubator/memo",
      "version": "0.0.1",
      "license": "MIT",
      "dependencies": {
        "@dashincubator/base58check": "1.4.1",
        "@dashincubator/secp256k1": "1.7.1-5",
        "dashhd": "3.3.0",
        "dashkeys": "1.1.0",
        "dashphrase": "1.4.0",
        "dashsight": "1.6.0",
        "dashtx": "0.13.1"
      }
    },
    "packages/dash-memo/node_modules/dashtx": {
      "version": "0.13.1",
      "resolved": "https://registry.npmjs.org/dashtx/-/dashtx-0.13.1.tgz",
      "integrity": "sha512-2S0LPgp4+N8JiLCPNAW7MbKV2uE6dOZGln6HGd/ovc6Hs1/JlKuHwhCd1HQ3CgyP4pDCb6lJndguhFnaP6zOWw==",
      "bin": {
        "dashtx-inspect": "bin/inspect.js"
      }
    }
  }
}
